{
  "name": "Firma_Electronica",
  "lockfileVersion": 3,
  "requires": true,
  "packages": {
    "": {
      "dependencies": {
        "node-signpdf": "^3.0.0"
      }
    },
    "node_modules/node-forge": {
      "version": "1.3.1",
      "resolved": "https://registry.npmjs.org/node-forge/-/node-forge-1.3.1.tgz",
      "integrity": "sha512-dPEtOeMvF9VMcYV/1Wb8CPoVAXtp6MKMlcbAt4ddqmGqUJ6fQZFXkNZNkNlfevtNkGtaSoXf/vNNNSvgrdXwtA==",
      "peer": true,
      "engines": {
        "node": ">= 6.13.0"
      }
    },
    "node_modules/node-signpdf": {
      "version": "3.0.0",
      "resolved": "https://registry.npmjs.org/node-signpdf/-/node-signpdf-3.0.0.tgz",
      "integrity": "sha512-4XLNtHAQ4wI1Z/9Xly2h5VOW1hpTQWouWN3Xx81UqZQFk3mfF/ONSSPDM+k+ymYz3UnVyNOES5P5igHV9zFI1A==",
      "deprecated": "NPM package is being replaced by @signpdf. See https://github.com/vbuch/node-signpdf",
      "engines": {
        "node": ">=12"
      },
      "peerDependencies": {
        "node-forge": "^1.2.1"
      }
    }
  }
}
